
Microsoft Visual Studio Solution File, Format Version 12.00
# Visual Studio 15
VisualStudioVersion = 15.0.27703.2042
MinimumVisualStudioVersion = 10.0.40219.1
Project("{FAE04EC0-301F-11D3-BF4B-00C04F79EFBC}") = "Test_WF_140818", "Test_WF_140818\Test_WF_140818.csproj", "{2B749378-B89E-49D7-892F-516EB2E4CD55}"
EndProject
Project("{FAE04EC0-301F-11D3-BF4B-00C04F79EFBC}") = "Model2", "Model2\Model2.csproj", "{EE68358A-5F1D-4577-8B6C-5FDA7D82695B}"
EndProject
Global
	GlobalSection(SolutionConfigurationPlatforms) = preSolution
		Debug|Any CPU = Debug|Any CPU
		Release|Any CPU = Release|Any CPU
	EndGlobalSection
	GlobalSection(ProjectConfigurationPlatforms) = postSolution
		{2B749378-B89E-49D7-892F-516EB2E4CD55}.Debug|Any CPU.ActiveCfg = Debug|Any CPU
		{2B749378-B89E-49D7-892F-516EB2E4CD55}.Debug|Any CPU.Build.0 = Debug|Any CPU
		{2B749378-B89E-49D7-892F-516EB2E4CD55}.Release|Any CPU.ActiveCfg = Release|Any CPU
		{2B749378-B89E-49D7-892F-516EB2E4CD55}.Release|Any CPU.Build.0 = Release|Any CPU
		{EE68358A-5F1D-4577-8B6C-5FDA7D82695B}.Debug|Any CPU.ActiveCfg = Debug|Any CPU
		{EE68358A-5F1D-4577-8B6C-5FDA7D82695B}.Debug|Any CPU.Build.0 = Debug|Any CPU
		{EE68358A-5F1D-4577-8B6C-5FDA7D82695B}.Release|Any CPU.ActiveCfg = Release|Any CPU
		{EE68358A-5F1D-4577-8B6C-5FDA7D82695B}.Release|Any CPU.Build.0 = Release|Any CPU
	EndGlobalSection
	GlobalSection(SolutionProperties) = preSolution
		HideSolutionNode = FALSE
	EndGlobalSection
	GlobalSection(ExtensibilityGlobals) = postSolution
		SolutionGuid = {A5A7F2B9-18A6-4299-AB56-2B9F93344C17}
	EndGlobalSection
EndGlobal
