
Microsoft Visual Studio Solution File, Format Version 12.00
# Visual Studio 15
VisualStudioVersion = 15.0.27703.2042
MinimumVisualStudioVersion = 10.0.40219.1
Project("{FAE04EC0-301F-11D3-BF4B-00C04F79EFBC}") = "Clase_021018_ASP", "Clase_021018_ASP\Clase_021018_ASP.csproj", "{A2F5C258-12B2-45C1-9A96-F26D2ABAF6AA}"
EndProject
Global
	GlobalSection(SolutionConfigurationPlatforms) = preSolution
		Debug|Any CPU = Debug|Any CPU
		Release|Any CPU = Release|Any CPU
	EndGlobalSection
	GlobalSection(ProjectConfigurationPlatforms) = postSolution
		{A2F5C258-12B2-45C1-9A96-F26D2ABAF6AA}.Debug|Any CPU.ActiveCfg = Debug|Any CPU
		{A2F5C258-12B2-45C1-9A96-F26D2ABAF6AA}.Debug|Any CPU.Build.0 = Debug|Any CPU
		{A2F5C258-12B2-45C1-9A96-F26D2ABAF6AA}.Release|Any CPU.ActiveCfg = Release|Any CPU
		{A2F5C258-12B2-45C1-9A96-F26D2ABAF6AA}.Release|Any CPU.Build.0 = Release|Any CPU
	EndGlobalSection
	GlobalSection(SolutionProperties) = preSolution
		HideSolutionNode = FALSE
	EndGlobalSection
	GlobalSection(ExtensibilityGlobals) = postSolution
		SolutionGuid = {8E297849-A625-47A4-953A-1490703C2114}
	EndGlobalSection
EndGlobal
