
Microsoft Visual Studio Solution File, Format Version 12.00
# Visual Studio 15
VisualStudioVersion = 15.0.27703.2042
MinimumVisualStudioVersion = 10.0.40219.1
Project("{FAE04EC0-301F-11D3-BF4B-00C04F79EFBC}") = "App", "App\App.csproj", "{FB672283-66E8-49E5-BCE9-439417ACC2FA}"
EndProject
Project("{FAE04EC0-301F-11D3-BF4B-00C04F79EFBC}") = "Model", "Model\Model.csproj", "{0ACE7436-8A17-4EC9-9352-854EB99D4B88}"
EndProject
Global
	GlobalSection(SolutionConfigurationPlatforms) = preSolution
		Debug|Any CPU = Debug|Any CPU
		Release|Any CPU = Release|Any CPU
	EndGlobalSection
	GlobalSection(ProjectConfigurationPlatforms) = postSolution
		{FB672283-66E8-49E5-BCE9-439417ACC2FA}.Debug|Any CPU.ActiveCfg = Debug|Any CPU
		{FB672283-66E8-49E5-BCE9-439417ACC2FA}.Debug|Any CPU.Build.0 = Debug|Any CPU
		{FB672283-66E8-49E5-BCE9-439417ACC2FA}.Release|Any CPU.ActiveCfg = Release|Any CPU
		{FB672283-66E8-49E5-BCE9-439417ACC2FA}.Release|Any CPU.Build.0 = Release|Any CPU
		{0ACE7436-8A17-4EC9-9352-854EB99D4B88}.Debug|Any CPU.ActiveCfg = Debug|Any CPU
		{0ACE7436-8A17-4EC9-9352-854EB99D4B88}.Debug|Any CPU.Build.0 = Debug|Any CPU
		{0ACE7436-8A17-4EC9-9352-854EB99D4B88}.Release|Any CPU.ActiveCfg = Release|Any CPU
		{0ACE7436-8A17-4EC9-9352-854EB99D4B88}.Release|Any CPU.Build.0 = Release|Any CPU
	EndGlobalSection
	GlobalSection(SolutionProperties) = preSolution
		HideSolutionNode = FALSE
	EndGlobalSection
	GlobalSection(ExtensibilityGlobals) = postSolution
		SolutionGuid = {2782C9B2-213E-4EC3-9D38-72FBDCFDCC38}
	EndGlobalSection
EndGlobal
